
Microsoft Visual Studio Solution File, Format Version 12.00
# Visual Studio Version 17
VisualStudioVersion = 17.0.31903.59
MinimumVisualStudioVersion = 10.0.40219.1
Project("{FAE04EC0-301F-11D3-BF4B-00C04F79EFBC}") = "Athlo.Shared", "Athlo.Shared\Athlo.Shared.csproj", "{426F101F-8E1F-48CD-8CDE-BF4DA916BE0B}"
EndProject
Project("{2150E333-8FDC-42A3-9474-1A3956D46DE8}") = "DataAccess", "DataAccess", "{3B2F080B-A21E-720E-495A-642C74935B15}"
EndProject
Project("{FAE04EC0-301F-11D3-BF4B-00C04F79EFBC}") = "Athlo.Models", "DataAccess\Athlo.Models\Athlo.Models.csproj", "{D27ECB9A-A295-4B4E-B858-67EC859C349F}"
EndProject
Project("{FAE04EC0-301F-11D3-BF4B-00C04F79EFBC}") = "Athlo.Database", "DataAccess\Athlo.Database\Athlo.Database.csproj", "{E97B31E7-A130-4F40-B2BD-91C84D456DBA}"
EndProject
Project("{FAE04EC0-301F-11D3-BF4B-00C04F79EFBC}") = "Athlo.Mapper", "DataAccess\Athlo.Mapper\Athlo.Mapper.csproj", "{D7A02FE9-7DA3-44B4-8FF2-E2752569A7DA}"
EndProject
Project("{FAE04EC0-301F-11D3-BF4B-00C04F79EFBC}") = "Athlo.Repositories", "DataAccess\Athlo.Repositories\Athlo.Repositories.csproj", "{6E5C36D3-64BF-4193-8F98-84F6C81968D9}"
EndProject
Project("{2150E333-8FDC-42A3-9474-1A3956D46DE8}") = "Services", "Services", "{5854FF58-B8C5-05C6-5BF2-ACE42193F22B}"
EndProject
Project("{FAE04EC0-301F-11D3-BF4B-00C04F79EFBC}") = "Athlo.AuthService", "Services\Athlo.AuthService\Athlo.AuthService.csproj", "{8B7C336D-91ED-4139-B14F-2E934A1ED72F}"
EndProject
Project("{FAE04EC0-301F-11D3-BF4B-00C04F79EFBC}") = "Athlo.ManagementService", "Services\Athlo.ManagementService\Athlo.ManagementService.csproj", "{966EA97B-03AD-49F4-A931-44D998336A03}"
EndProject
Project("{2150E333-8FDC-42A3-9474-1A3956D46DE8}") = "Tests", "Tests", "{0AB3BF05-4346-4AA6-1389-037BE0695223}"
EndProject
Project("{FAE04EC0-301F-11D3-BF4B-00C04F79EFBC}") = "Athlo.Tests", "Tests\Athlo.Tests\Athlo.Tests.csproj", "{DF6CAEFC-2234-4856-9C17-103BEC7BF26C}"
EndProject
Project("{FAE04EC0-301F-11D3-BF4B-00C04F79EFBC}") = "Athlo.IntegrationTests", "Tests\Athlo.IntegrationTests\Athlo.IntegrationTests.csproj", "{C249A2A0-6FEC-4222-A5D6-53E83940C072}"
EndProject
Global
	GlobalSection(SolutionConfigurationPlatforms) = preSolution
		Debug|Any CPU = Debug|Any CPU
		Debug|x64 = Debug|x64
		Debug|x86 = Debug|x86
		Release|Any CPU = Release|Any CPU
		Release|x64 = Release|x64
		Release|x86 = Release|x86
	EndGlobalSection
	GlobalSection(ProjectConfigurationPlatforms) = postSolution
		{426F101F-8E1F-48CD-8CDE-BF4DA916BE0B}.Debug|Any CPU.ActiveCfg = Debug|Any CPU
		{426F101F-8E1F-48CD-8CDE-BF4DA916BE0B}.Debug|Any CPU.Build.0 = Debug|Any CPU
		{426F101F-8E1F-48CD-8CDE-BF4DA916BE0B}.Debug|x64.ActiveCfg = Debug|Any CPU
		{426F101F-8E1F-48CD-8CDE-BF4DA916BE0B}.Debug|x64.Build.0 = Debug|Any CPU
		{426F101F-8E1F-48CD-8CDE-BF4DA916BE0B}.Debug|x86.ActiveCfg = Debug|Any CPU
		{426F101F-8E1F-48CD-8CDE-BF4DA916BE0B}.Debug|x86.Build.0 = Debug|Any CPU
		{426F101F-8E1F-48CD-8CDE-BF4DA916BE0B}.Release|Any CPU.ActiveCfg = Release|Any CPU
		{426F101F-8E1F-48CD-8CDE-BF4DA916BE0B}.Release|Any CPU.Build.0 = Release|Any CPU
		{426F101F-8E1F-48CD-8CDE-BF4DA916BE0B}.Release|x64.ActiveCfg = Release|Any CPU
		{426F101F-8E1F-48CD-8CDE-BF4DA916BE0B}.Release|x64.Build.0 = Release|Any CPU
		{426F101F-8E1F-48CD-8CDE-BF4DA916BE0B}.Release|x86.ActiveCfg = Release|Any CPU
		{426F101F-8E1F-48CD-8CDE-BF4DA916BE0B}.Release|x86.Build.0 = Release|Any CPU
		{D27ECB9A-A295-4B4E-B858-67EC859C349F}.Debug|Any CPU.ActiveCfg = Debug|Any CPU
		{D27ECB9A-A295-4B4E-B858-67EC859C349F}.Debug|Any CPU.Build.0 = Debug|Any CPU
		{D27ECB9A-A295-4B4E-B858-67EC859C349F}.Debug|x64.ActiveCfg = Debug|Any CPU
		{D27ECB9A-A295-4B4E-B858-67EC859C349F}.Debug|x64.Build.0 = Debug|Any CPU
		{D27ECB9A-A295-4B4E-B858-67EC859C349F}.Debug|x86.ActiveCfg = Debug|Any CPU
		{D27ECB9A-A295-4B4E-B858-67EC859C349F}.Debug|x86.Build.0 = Debug|Any CPU
		{D27ECB9A-A295-4B4E-B858-67EC859C349F}.Release|Any CPU.ActiveCfg = Release|Any CPU
		{D27ECB9A-A295-4B4E-B858-67EC859C349F}.Release|Any CPU.Build.0 = Release|Any CPU
		{D27ECB9A-A295-4B4E-B858-67EC859C349F}.Release|x64.ActiveCfg = Release|Any CPU
		{D27ECB9A-A295-4B4E-B858-67EC859C349F}.Release|x64.Build.0 = Release|Any CPU
		{D27ECB9A-A295-4B4E-B858-67EC859C349F}.Release|x86.ActiveCfg = Release|Any CPU
		{D27ECB9A-A295-4B4E-B858-67EC859C349F}.Release|x86.Build.0 = Release|Any CPU
		{E97B31E7-A130-4F40-B2BD-91C84D456DBA}.Debug|Any CPU.ActiveCfg = Debug|Any CPU
		{E97B31E7-A130-4F40-B2BD-91C84D456DBA}.Debug|Any CPU.Build.0 = Debug|Any CPU
		{E97B31E7-A130-4F40-B2BD-91C84D456DBA}.Debug|x64.ActiveCfg = Debug|Any CPU
		{E97B31E7-A130-4F40-B2BD-91C84D456DBA}.Debug|x64.Build.0 = Debug|Any CPU
		{E97B31E7-A130-4F40-B2BD-91C84D456DBA}.Debug|x86.ActiveCfg = Debug|Any CPU
		{E97B31E7-A130-4F40-B2BD-91C84D456DBA}.Debug|x86.Build.0 = Debug|Any CPU
		{E97B31E7-A130-4F40-B2BD-91C84D456DBA}.Release|Any CPU.ActiveCfg = Release|Any CPU
		{E97B31E7-A130-4F40-B2BD-91C84D456DBA}.Release|Any CPU.Build.0 = Release|Any CPU
		{E97B31E7-A130-4F40-B2BD-91C84D456DBA}.Release|x64.ActiveCfg = Release|Any CPU
		{E97B31E7-A130-4F40-B2BD-91C84D456DBA}.Release|x64.Build.0 = Release|Any CPU
		{E97B31E7-A130-4F40-B2BD-91C84D456DBA}.Release|x86.ActiveCfg = Release|Any CPU
		{E97B31E7-A130-4F40-B2BD-91C84D456DBA}.Release|x86.Build.0 = Release|Any CPU
		{D7A02FE9-7DA3-44B4-8FF2-E2752569A7DA}.Debug|Any CPU.ActiveCfg = Debug|Any CPU
		{D7A02FE9-7DA3-44B4-8FF2-E2752569A7DA}.Debug|Any CPU.Build.0 = Debug|Any CPU
		{D7A02FE9-7DA3-44B4-8FF2-E2752569A7DA}.Debug|x64.ActiveCfg = Debug|Any CPU
		{D7A02FE9-7DA3-44B4-8FF2-E2752569A7DA}.Debug|x64.Build.0 = Debug|Any CPU
		{D7A02FE9-7DA3-44B4-8FF2-E2752569A7DA}.Debug|x86.ActiveCfg = Debug|Any CPU
		{D7A02FE9-7DA3-44B4-8FF2-E2752569A7DA}.Debug|x86.Build.0 = Debug|Any CPU
		{D7A02FE9-7DA3-44B4-8FF2-E2752569A7DA}.Release|Any CPU.ActiveCfg = Release|Any CPU
		{D7A02FE9-7DA3-44B4-8FF2-E2752569A7DA}.Release|Any CPU.Build.0 = Release|Any CPU
		{D7A02FE9-7DA3-44B4-8FF2-E2752569A7DA}.Release|x64.ActiveCfg = Release|Any CPU
		{D7A02FE9-7DA3-44B4-8FF2-E2752569A7DA}.Release|x64.Build.0 = Release|Any CPU
		{D7A02FE9-7DA3-44B4-8FF2-E2752569A7DA}.Release|x86.ActiveCfg = Release|Any CPU
		{D7A02FE9-7DA3-44B4-8FF2-E2752569A7DA}.Release|x86.Build.0 = Release|Any CPU
		{6E5C36D3-64BF-4193-8F98-84F6C81968D9}.Debug|Any CPU.ActiveCfg = Debug|Any CPU
		{6E5C36D3-64BF-4193-8F98-84F6C81968D9}.Debug|Any CPU.Build.0 = Debug|Any CPU
		{6E5C36D3-64BF-4193-8F98-84F6C81968D9}.Debug|x64.ActiveCfg = Debug|Any CPU
		{6E5C36D3-64BF-4193-8F98-84F6C81968D9}.Debug|x64.Build.0 = Debug|Any CPU
		{6E5C36D3-64BF-4193-8F98-84F6C81968D9}.Debug|x86.ActiveCfg = Debug|Any CPU
		{6E5C36D3-64BF-4193-8F98-84F6C81968D9}.Debug|x86.Build.0 = Debug|Any CPU
		{6E5C36D3-64BF-4193-8F98-84F6C81968D9}.Release|Any CPU.ActiveCfg = Release|Any CPU
		{6E5C36D3-64BF-4193-8F98-84F6C81968D9}.Release|Any CPU.Build.0 = Release|Any CPU
		{6E5C36D3-64BF-4193-8F98-84F6C81968D9}.Release|x64.ActiveCfg = Release|Any CPU
		{6E5C36D3-64BF-4193-8F98-84F6C81968D9}.Release|x64.Build.0 = Release|Any CPU
		{6E5C36D3-64BF-4193-8F98-84F6C81968D9}.Release|x86.ActiveCfg = Release|Any CPU
		{6E5C36D3-64BF-4193-8F98-84F6C81968D9}.Release|x86.Build.0 = Release|Any CPU
		{8B7C336D-91ED-4139-B14F-2E934A1ED72F}.Debug|Any CPU.ActiveCfg = Debug|Any CPU
		{8B7C336D-91ED-4139-B14F-2E934A1ED72F}.Debug|Any CPU.Build.0 = Debug|Any CPU
		{8B7C336D-91ED-4139-B14F-2E934A1ED72F}.Debug|x64.ActiveCfg = Debug|Any CPU
		{8B7C336D-91ED-4139-B14F-2E934A1ED72F}.Debug|x64.Build.0 = Debug|Any CPU
		{8B7C336D-91ED-4139-B14F-2E934A1ED72F}.Debug|x86.ActiveCfg = Debug|Any CPU
		{8B7C336D-91ED-4139-B14F-2E934A1ED72F}.Debug|x86.Build.0 = Debug|Any CPU
		{8B7C336D-91ED-4139-B14F-2E934A1ED72F}.Release|Any CPU.ActiveCfg = Release|Any CPU
		{8B7C336D-91ED-4139-B14F-2E934A1ED72F}.Release|Any CPU.Build.0 = Release|Any CPU
		{8B7C336D-91ED-4139-B14F-2E934A1ED72F}.Release|x64.ActiveCfg = Release|Any CPU
		{8B7C336D-91ED-4139-B14F-2E934A1ED72F}.Release|x64.Build.0 = Release|Any CPU
		{8B7C336D-91ED-4139-B14F-2E934A1ED72F}.Release|x86.ActiveCfg = Release|Any CPU
		{8B7C336D-91ED-4139-B14F-2E934A1ED72F}.Release|x86.Build.0 = Release|Any CPU
		{966EA97B-03AD-49F4-A931-44D998336A03}.Debug|Any CPU.ActiveCfg = Debug|Any CPU
		{966EA97B-03AD-49F4-A931-44D998336A03}.Debug|Any CPU.Build.0 = Debug|Any CPU
		{966EA97B-03AD-49F4-A931-44D998336A03}.Debug|x64.ActiveCfg = Debug|Any CPU
		{966EA97B-03AD-49F4-A931-44D998336A03}.Debug|x64.Build.0 = Debug|Any CPU
		{966EA97B-03AD-49F4-A931-44D998336A03}.Debug|x86.ActiveCfg = Debug|Any CPU
		{966EA97B-03AD-49F4-A931-44D998336A03}.Debug|x86.Build.0 = Debug|Any CPU
		{966EA97B-03AD-49F4-A931-44D998336A03}.Release|Any CPU.ActiveCfg = Release|Any CPU
		{966EA97B-03AD-49F4-A931-44D998336A03}.Release|Any CPU.Build.0 = Release|Any CPU
		{966EA97B-03AD-49F4-A931-44D998336A03}.Release|x64.ActiveCfg = Release|Any CPU
		{966EA97B-03AD-49F4-A931-44D998336A03}.Release|x64.Build.0 = Release|Any CPU
		{966EA97B-03AD-49F4-A931-44D998336A03}.Release|x86.ActiveCfg = Release|Any CPU
		{966EA97B-03AD-49F4-A931-44D998336A03}.Release|x86.Build.0 = Release|Any CPU
		{DF6CAEFC-2234-4856-9C17-103BEC7BF26C}.Debug|Any CPU.ActiveCfg = Debug|Any CPU
		{DF6CAEFC-2234-4856-9C17-103BEC7BF26C}.Debug|Any CPU.Build.0 = Debug|Any CPU
		{DF6CAEFC-2234-4856-9C17-103BEC7BF26C}.Debug|x64.ActiveCfg = Debug|Any CPU
		{DF6CAEFC-2234-4856-9C17-103BEC7BF26C}.Debug|x64.Build.0 = Debug|Any CPU
		{DF6CAEFC-2234-4856-9C17-103BEC7BF26C}.Debug|x86.ActiveCfg = Debug|Any CPU
		{DF6CAEFC-2234-4856-9C17-103BEC7BF26C}.Debug|x86.Build.0 = Debug|Any CPU
		{DF6CAEFC-2234-4856-9C17-103BEC7BF26C}.Release|Any CPU.ActiveCfg = Release|Any CPU
		{DF6CAEFC-2234-4856-9C17-103BEC7BF26C}.Release|Any CPU.Build.0 = Release|Any CPU
		{DF6CAEFC-2234-4856-9C17-103BEC7BF26C}.Release|x64.ActiveCfg = Release|Any CPU
		{DF6CAEFC-2234-4856-9C17-103BEC7BF26C}.Release|x64.Build.0 = Release|Any CPU
		{DF6CAEFC-2234-4856-9C17-103BEC7BF26C}.Release|x86.ActiveCfg = Release|Any CPU
		{DF6CAEFC-2234-4856-9C17-103BEC7BF26C}.Release|x86.Build.0 = Release|Any CPU
		{C249A2A0-6FEC-4222-A5D6-53E83940C072}.Debug|Any CPU.ActiveCfg = Debug|Any CPU
		{C249A2A0-6FEC-4222-A5D6-53E83940C072}.Debug|Any CPU.Build.0 = Debug|Any CPU
		{C249A2A0-6FEC-4222-A5D6-53E83940C072}.Debug|x64.ActiveCfg = Debug|Any CPU
		{C249A2A0-6FEC-4222-A5D6-53E83940C072}.Debug|x64.Build.0 = Debug|Any CPU
		{C249A2A0-6FEC-4222-A5D6-53E83940C072}.Debug|x86.ActiveCfg = Debug|Any CPU
		{C249A2A0-6FEC-4222-A5D6-53E83940C072}.Debug|x86.Build.0 = Debug|Any CPU
		{C249A2A0-6FEC-4222-A5D6-53E83940C072}.Release|Any CPU.ActiveCfg = Release|Any CPU
		{C249A2A0-6FEC-4222-A5D6-53E83940C072}.Release|Any CPU.Build.0 = Release|Any CPU
		{C249A2A0-6FEC-4222-A5D6-53E83940C072}.Release|x64.ActiveCfg = Release|Any CPU
		{C249A2A0-6FEC-4222-A5D6-53E83940C072}.Release|x64.Build.0 = Release|Any CPU
		{C249A2A0-6FEC-4222-A5D6-53E83940C072}.Release|x86.ActiveCfg = Release|Any CPU
		{C249A2A0-6FEC-4222-A5D6-53E83940C072}.Release|x86.Build.0 = Release|Any CPU
	EndGlobalSection
	GlobalSection(SolutionProperties) = preSolution
		HideSolutionNode = FALSE
	EndGlobalSection
	GlobalSection(NestedProjects) = preSolution
		{D27ECB9A-A295-4B4E-B858-67EC859C349F} = {3B2F080B-A21E-720E-495A-642C74935B15}
		{E97B31E7-A130-4F40-B2BD-91C84D456DBA} = {3B2F080B-A21E-720E-495A-642C74935B15}
		{D7A02FE9-7DA3-44B4-8FF2-E2752569A7DA} = {3B2F080B-A21E-720E-495A-642C74935B15}
		{6E5C36D3-64BF-4193-8F98-84F6C81968D9} = {3B2F080B-A21E-720E-495A-642C74935B15}
		{8B7C336D-91ED-4139-B14F-2E934A1ED72F} = {5854FF58-B8C5-05C6-5BF2-ACE42193F22B}
		{966EA97B-03AD-49F4-A931-44D998336A03} = {5854FF58-B8C5-05C6-5BF2-ACE42193F22B}
		{DF6CAEFC-2234-4856-9C17-103BEC7BF26C} = {0AB3BF05-4346-4AA6-1389-037BE0695223}
		{C249A2A0-6FEC-4222-A5D6-53E83940C072} = {0AB3BF05-4346-4AA6-1389-037BE0695223}
	EndGlobalSection
EndGlobal
